// !$*UTF8*$!
{
	archiveVersion = 1;
	classes = {
	};
	objectVersion = 46;
	objects = {

/* Begin PBXBuildFile section */
		CB571D051BFEFBAF003C709F /* main.m in Sources */ = {isa = PBXBuildFile; fileRef = CB571D041BFEFBAF003C709F /* main.m */; };
		CB571D081BFEFBAF003C709F /* AppDelegate.m in Sources */ = {isa = PBXBuildFile; fileRef = CB571D071BFEFBAF003C709F /* AppDelegate.m */; };
		CB571D0B1BFEFBAF003C709F /* ViewController.m in Sources */ = {isa = PBXBuildFile; fileRef = CB571D0A1BFEFBAF003C709F /* ViewController.m */; };
		CB571D0E1BFEFBAF003C709F /* Main.storyboard in Resources */ = {isa = PBXBuildFile; fileRef = CB571D0C1BFEFBAF003C709F /* Main.storyboard */; };
		CB571D101BFEFBAF003C709F /* Assets.xcassets in Resources */ = {isa = PBXBuildFile; fileRef = CB571D0F1BFEFBAF003C709F /* Assets.xcassets */; };
		CB571D131BFEFBAF003C709F /* LaunchScreen.storyboard in Resources */ = {isa = PBXBuildFile; fileRef = CB571D111BFEFBAF003C709F /* LaunchScreen.storyboard */; };
/* End PBXBuildFile section */

/* Begin PBXFileReference section */
		CB571D001BFEFBAE003C709F /* Hehe.app */ = {isa = PBXFileReference; explicitFileType = wrapper.application; includeInIndex = 0; path = Hehe.app; sourceTree = BUILT_PRODUCTS_DIR; };
		CB571D041BFEFBAF003C709F /* main.m */ = {isa = PBXFileReference; lastKnownFileType = sourcecode.c.objc; path = main.m; sourceTree = "<group>"; };
		CB571D061BFEFBAF003C709F /* AppDelegate.h */ = {isa = PBXFileReference; lastKnownFileType = sourcecode.c.h; path = AppDelegate.h; sourceTree = "<group>"; };
		CB571D071BFEFBAF003C709F /* AppDelegate.m */ = {isa = PBXFileReference; lastKnownFileType = sourcecode.c.objc; path = AppDelegate.m; sourceTree = "<group>"; };
		CB571D091BFEFBAF003C709F /* ViewController.h */ = {isa = PBXFileReference; lastKnownFileType = sourcecode.c.h; path = ViewController.h; sourceTree = "<group>"; };
		CB571D0A1BFEFBAF003C709F /* ViewController.m */ = {isa = PBXFileReference; lastKnownFileType = sourcecode.c.objc; path = ViewController.m; sourceTree = "<group>"; };
		CB571D0D1BFEFBAF003C709F /* Base */ = {isa = PBXFileReference; lastKnownFileType = file.storyboard; name = Base; path = Base.lproj/Main.storyboard; sourceTree = "<group>"; };
		CB571D0F1BFEFBAF003C709F /* Assets.xcassets */ = {isa = PBXFileReference; lastKnownFileType = folder.assetcatalog; path = Assets.xcassets; sourceTree = "<group>"; };
		CB571D121BFEFBAF003C709F /* Base */ = {isa = PBXFileReference; lastKnownFileType = file.storyboard; name = Base; path = Base.lproj/LaunchScreen.storyboard; sourceTree = "<group>"; };
		CB571D141BFEFBAF003C709F /* Info.plist */ = {isa = PBXFileReference; lastKnownFileType = text.plist.xml; path = Info.plist; sourceTree = "<group>"; };
/* End PBXFileReference section */

/* Begin PBXFrameworksBuildPhase section */
		CB571CFD1BFEFBAE003C709F /* Frameworks */ = {
			isa = PBXFrameworksBuildPhase;
			buildActionMask = 2147483647;
			files = (
			);
			runOnlyForDeploymentPostprocessing = 0;
		};
/* End PBXFrameworksBuildPhase section */

/* Begin PBXGroup section */
		CB571CF71BFEFBAE003C709F = {
			isa = PBXGroup;
			children = (
				CB571D021BFEFBAE003C709F /* Hehe */,
				CB571D011BFEFBAE003C709F /* Products */,
			);
			sourceTree = "<group>";
		};
		CB571D011BFEFBAE003C709F /* Products */ = {
			isa = PBXGroup;
			children = (
				CB571D001BFEFBAE003C709F /* Hehe.app */,
			);
			name = Products;
			sourceTree = "<group>";
		};
		CB571D021BFEFBAE003C709F /* Hehe */ = {
			isa = PBXGroup;
			children = (
				CB571D061BFEFBAF003C709F /* AppDelegate.h */,
				CB571D071BFEFBAF003C709F /* AppDelegate.m */,
				CB571D091BFEFBAF003C709F /* ViewController.h */,
				CB571D0A1BFEFBAF003C709F /* ViewController.m */,
				CB571D0C1BFEFBAF003C709F /* Main.storyboard */,
				CB571D0F1BFEFBAF003C709F /* Assets.xcassets */,
				CB571D111BFEFBAF003C709F /* LaunchScreen.storyboard */,
				CB571D141BFEFBAF003C709F /* Info.plist */,
				CB571D031BFEFBAE003C709F /* Supporting Files */,
			);
			path = Hehe;
			sourceTree = "<group>";
		};
		CB571D031BFEFBAE003C709F /* Supporting Files */ = {
			isa = PBXGroup;
			children = (
				CB571D041BFEFBAF003C709F /* main.m */,
			);
			name = "Supporting Files";
			sourceTree = "<group>";
		};
/* End PBXGroup section */

/* Begin PBXNativeTarget section */
		CB571CFF1BFEFBAE003C709F /* Hehe */ = {
			isa = PBXNativeTarget;
			buildConfigurationList = CB571D171BFEFBAF003C709F /* Build configuration list for PBXNativeTarget "Hehe" */;
			buildPhases = (
				CB571CFC1BFEFBAE003C709F /* Sources */,
				CB571CFD1BFEFBAE003C709F /* Frameworks */,
				CB571CFE1BFEFBAE003C709F /* Resources */,
			);
			buildRules = (
			);
			dependencies = (
			);
			name = Hehe;
			productName = Hehe;
			productReference = CB571D001BFEFBAE003C709F /* Hehe.app */;
			productType = "com.apple.product-type.application";
		};
/* End PBXNativeTarget section */

/* Begin PBXProject section */
		CB571CF81BFEFBAE003C709F /* Project object */ = {
			isa = PBXProject;
			attributes = {
				LastUpgradeCheck = 0710;
				ORGANIZATIONNAME = wquant;
				TargetAttributes = {
					CB571CFF1BFEFBAE003C709F = {
						CreatedOnToolsVersion = 7.1.1;
					};
				};
			};
			buildConfigurationList = CB571CFB1BFEFBAE003C709F /* Build configuration list for PBXProject "Hehe" */;
			compatibilityVersion = "Xcode 3.2";
			developmentRegion = English;
			hasScannedForEncodings = 0;
			knownRegions = (
				en,
				Base,
			);
			mainGroup = CB571CF71BFEFBAE003C709F;
			productRefGroup = CB571D011BFEFBAE003C709F /* Products */;
			projectDirPath = "";
			projectRoot = "";
			targets = (
				CB571CFF1BFEFBAE003C709F /* Hehe */,
			);
		};
/* End PBXProject section */

/* Begin PBXResourcesBuildPhase section */
		CB571CFE1BFEFBAE003C709F /* Resources */ = {
			isa = PBXResourcesBuildPhase;
			buildActionMask = 2147483647;
			files = (
				CB571D131BFEFBAF003C709F /* LaunchScreen.storyboard in Resources */,
				CB571D101BFEFBAF003C709F /* Assets.xcassets in Resources */,
				CB571D0E1BFEFBAF003C709F /* Main.storyboard in Resources */,
			);
			runOnlyForDeploymentPostprocessing = 0;
		};
/* End PBXResourcesBuildPhase section */

/* Begin PBXSourcesBuildPhase section */
		CB571CFC1BFEFBAE003C709F /* Sources */ = {
			isa = PBXSourcesBuildPhase;
			buildActionMask = 2147483647;
			files = (
				CB571D0B1BFEFBAF003C709F /* ViewController.m in Sources */,
				CB571D081BFEFBAF003C709F /* AppDelegate.m in Sources */,
				CB571D051BFEFBAF003C709F /* main.m in Sources */,
			);
			runOnlyForDeploymentPostprocessing = 0;
		};
/* End PBXSourcesBuildPhase section */

/* Begin PBXVariantGroup section */
		CB571D0C1BFEFBAF003C709F /* Main.storyboard */ = {
			isa = PBXVariantGroup;
			children = (
				CB571D0D1BFEFBAF003C709F /* Base */,
			);
			name = Main.storyboard;
			sourceTree = "<group>";
		};
		CB571D111BFEFBAF003C709F /* LaunchScreen.storyboard */ = {
			isa = PBXVariantGroup;
			children = (
				CB571D121BFEFBAF003C709F /* Base */,
			);
			name = LaunchScreen.storyboard;
			sourceTree = "<group>";
		};
/* End PBXVariantGroup section */

/* Begin XCBuildConfiguration section */
		CB571D151BFEFBAF003C709F /* Debug */ = {
			isa = XCBuildConfiguration;
			buildSettings = {
				ALWAYS_SEARCH_USER_PATHS = NO;
				CLANG_CXX_LANGUAGE_STANDARD = "gnu++0x";
				CLANG_CXX_LIBRARY = "libc++";
				CLANG_ENABLE_MODULES = YES;
				CLANG_ENABLE_OBJC_ARC = YES;
				CLANG_WARN_BOOL_CONVERSION = YES;
				CLANG_WARN_CONSTANT_CONVERSION = YES;
				CLANG_WARN_DIRECT_OBJC_ISA_USAGE = YES_ERROR;
				CLANG_WARN_EMPTY_BODY = YES;
				CLANG_WARN_ENUM_CONVERSION = YES;
				CLANG_WARN_INT_CONVERSION = YES;
				CLANG_WARN_OBJC_ROOT_CLASS = YES_ERROR;
				CLANG_WARN_UNREACHABLE_CODE = YES;
				CLANG_WARN__DUPLICATE_METHOD_MATCH = YES;
				"CODE_SIGN_IDENTITY[sdk=iphoneos*]" = "iPhone Developer";
				COPY_PHASE_STRIP = NO;
				DEBUG_INFORMATION_FORMAT = dwarf;
				ENABLE_STRICT_OBJC_MSGSEND = YES;
				ENABLE_TESTABILITY = YES;
				GCC_C_LANGUAGE_STANDARD = gnu99;
				GCC_DYNAMIC_NO_PIC = NO;
				GCC_NO_COMMON_BLOCKS = YES;
				GCC_OPTIMIZATION_LEVEL = 0;
				GCC_PREPROCESSOR_DEFINITIONS = (
					"DEBUG=1",
					"$(inherited)",
				);
				GCC_WARN_64_TO_32_BIT_CONVERSION = YES;
				GCC_WARN_ABOUT_RETURN_TYPE = YES_ERROR;
				GCC_WARN_UNDECLARED_SELECTOR = YES;
				GCC_WARN_UNINITIALIZED_AUTOS = YES_AGGRESSIVE;
				GCC_WARN_UNUSED_FUNCTION = YES;
				GCC_WARN_UNUSED_VARIABLE = YES;
				IPHONEOS_DEPLOYMENT_TARGET = 9.1;
				MTL_ENABLE_DEBUG_INFO = YES;
				ONLY_ACTIVE_ARCH = YES;
				SDKROOT = iphoneos;
			};
			name = Debug;
		};
		CB571D161BFEFBAF003C709F /* Release */ = {
			isa = XCBuildConfiguration;
			buildSettings = {
				ALWAYS_SEARCH_USER_PATHS = NO;
				CLANG_CXX_LANGUAGE_STANDARD = "gnu++0x";
				CLANG_CXX_LIBRARY = "libc++";
				CLANG_ENABLE_MODULES = YES;
				CLANG_ENABLE_OBJC_ARC = YES;
				CLANG_WARN_BOOL_CONVERSION = YES;
				CLANG_WARN_CONSTANT_CONVERSION = YES;
				CLANG_WARN_DIRECT_OBJC_ISA_USAGE = YES_ERROR;
				CLANG_WARN_EMPTY_BODY = YES;
				CLANG_WARN_ENUM_CONVERSION = YES;
				CLANG_WARN_INT_CONVERSION = YES;
				CLANG_WARN_OBJC_ROOT_CLASS = YES_ERROR;
				CLANG_WARN_UNREACHABLE_CODE = YES;
				CLANG_WARN__DUPLICATE_METHOD_MATCH = YES;
				"CODE_SIGN_IDENTITY[sdk=iphoneos*]" = "iPhone Developer";
				COPY_PHASE_STRIP = NO;
				DEBUG_INFORMATION_FORMAT = "dwarf-with-dsym";
				ENABLE_NS_ASSERTIONS = NO;
				ENABLE_STRICT_OBJC_MSGSEND = YES;
				GCC_C_LANGUAGE_STANDARD = gnu99;
				GCC_NO_COMMON_BLOCKS = YES;
				GCC_WARN_64_TO_32_BIT_CONVERSION = YES;
				GCC_WARN_ABOUT_RETURN_TYPE = YES_ERROR;
				GCC_WARN_UNDECLARED_SELECTOR = YES;
				GCC_WARN_UNINITIALIZED_AUTOS = YES_AGGRESSIVE;
				GCC_WARN_UNUSED_FUNCTION = YES;
				GCC_WARN_UNUSED_VARIABLE = YES;
				IPHONEOS_DEPLOYMENT_TARGET = 9.1;
				MTL_ENABLE_DEBUG_INFO = NO;
				SDKROOT = iphoneos;
				VALIDATE_PRODUCT = YES;
			};
			name = Release;
		};
		CB571D181BFEFBAF003C709F /* Debug */ = {
			isa = XCBuildConfiguration;
			buildSettings = {
				ASSETCATALOG_COMPILER_APPICON_NAME = AppIcon;
				INFOPLIST_FILE = Hehe/Info.plist;
				LD_RUNPATH_SEARCH_PATHS = "$(inherited) @executable_path/Frameworks";
				PRODUCT_BUNDLE_IDENTIFIER = com.wquant.Hehe;
				PRODUCT_NAME = "$(TARGET_NAME)";
			};
			name = Debug;
		};
		CB571D191BFEFBAF003C709F /* Release */ = {
			isa = XCBuildConfiguration;
			buildSettings = {
				ASSETCATALOG_COMPILER_APPICON_NAME = AppIcon;
				INFOPLIST_FILE = Hehe/Info.plist;
				LD_RUNPATH_SEARCH_PATHS = "$(inherited) @executable_path/Frameworks";
				PRODUCT_BUNDLE_IDENTIFIER = com.wquant.Hehe;
				PRODUCT_NAME = "$(TARGET_NAME)";
			};
			name = Release;
		};
/* End XCBuildConfiguration section */

/* Begin XCConfigurationList section */
		CB571CFB1BFEFBAE003C709F /* Build configuration list for PBXProject "Hehe" */ = {
			isa = XCConfigurationList;
			buildConfigurations = (
				CB571D151BFEFBAF003C709F /* Debug */,
				CB571D161BFEFBAF003C709F /* Release */,
			);
			defaultConfigurationIsVisible = 0;
			defaultConfigurationName = Release;
		};
		CB571D171BFEFBAF003C709F /* Build configuration list for PBXNativeTarget "Hehe" */ = {
			isa = XCConfigurationList;
			buildConfigurations = (
				CB571D181BFEFBAF003C709F /* Debug */,
				CB571D191BFEFBAF003C709F /* Release */,
			);
			defaultConfigurationIsVisible = 0;
		};
/* End XCConfigurationList section */
	};
	rootObject = CB571CF81BFEFBAE003C709F /* Project object */;
}
